
Microsoft Visual Studio Solution File, Format Version 12.00
# Visual Studio Version 17
VisualStudioVersion = 17.12.35707.178
MinimumVisualStudioVersion = 10.0.40219.1
Project("{FAE04EC0-301F-11D3-BF4B-00C04F79EFBC}") = "ProyectoContactesRubby", "ProyectoContactesRubby\ProyectoContactesRubby.csproj", "{84444B96-3F3D-4966-8FA8-D09BD92950B7}"
EndProject
Project("{FAE04EC0-301F-11D3-BF4B-00C04F79EFBC}") = "ProyectoContactes", "ProyectoContactes\ProyectoContactes.csproj", "{F5E9F4A1-0456-453C-9B97-6C7EA52404F4}"
EndProject
Global
	GlobalSection(SolutionConfigurationPlatforms) = preSolution
		Debug|Any CPU = Debug|Any CPU
		Release|Any CPU = Release|Any CPU
	EndGlobalSection
	GlobalSection(ProjectConfigurationPlatforms) = postSolution
		{84444B96-3F3D-4966-8FA8-D09BD92950B7}.Debug|Any CPU.ActiveCfg = Debug|Any CPU
		{84444B96-3F3D-4966-8FA8-D09BD92950B7}.Debug|Any CPU.Build.0 = Debug|Any CPU
		{84444B96-3F3D-4966-8FA8-D09BD92950B7}.Release|Any CPU.ActiveCfg = Release|Any CPU
		{84444B96-3F3D-4966-8FA8-D09BD92950B7}.Release|Any CPU.Build.0 = Release|Any CPU
		{F5E9F4A1-0456-453C-9B97-6C7EA52404F4}.Debug|Any CPU.ActiveCfg = Debug|Any CPU
		{F5E9F4A1-0456-453C-9B97-6C7EA52404F4}.Debug|Any CPU.Build.0 = Debug|Any CPU
		{F5E9F4A1-0456-453C-9B97-6C7EA52404F4}.Release|Any CPU.ActiveCfg = Release|Any CPU
		{F5E9F4A1-0456-453C-9B97-6C7EA52404F4}.Release|Any CPU.Build.0 = Release|Any CPU
	EndGlobalSection
	GlobalSection(SolutionProperties) = preSolution
		HideSolutionNode = FALSE
	EndGlobalSection
EndGlobal
